{
  "nodes": {
    "nixpkgs": {
      "locked": {
        "lastModified": 1787246793,
        "narHash": "sha256-fNttd3KE2vZnKjpa/c2nCGceo4K+P03iOww6b+udNJ4=",
        "owner": "NixOS",
        "repo": "nixpkgs",
        "rev": "9a28f20c2587760eaed407f4f81dd3fdce38360a",
        "type": "github"
      },
      "original": {
        "owner": "NixOS",
        "repo": "nixpkgs",
        "type": "github"
      }
    },
    "root": {
      "inputs": {
        "nixpkgs": "nixpkgs"
      }
    }
  },
  "root": "root",
  "version": 7
}
