{
  "nodes": {
    "nixpkgs": {
      "locked": {
        "lastModified": 1773753624,
        "narHash": "sha256-75GuQJ0v3mmErCH87YpbdDKQQ6uoetw0Vd3jM7/bON4=",
        "owner": "NixOS",
        "repo": "nixpkgs",
        "rev": "c3070a298a3dbe838cf9f785396574117f09a91b",
        "type": "github"
      },
      "original": {
        "owner": "NixOS",
        "repo": "nixpkgs",
        "type": "github"
      }
    },
    "root": {
      "inputs": {
        "nixpkgs": "nixpkgs"
      }
    }
  },
  "root": "root",
  "version": 7
}
